
Microsoft Visual Studio Solution File, Format Version 12.00
# Visual Studio Version 17
VisualStudioVersion = 17.7.34024.191
MinimumVisualStudioVersion = 10.0.40219.1
Project("{54A90642-561A-4BB1-A94E-469ADEE60C69}") = "vueapp", "vueapp\vueapp.esproj", "{84423B21-1AE5-484B-919D-D34C2AED579C}"
EndProject
Project("{9A19103F-16F7-4668-BE54-9A1E7A4F7556}") = "webapi", "webapi\webapi.csproj", "{AED7A322-0FA3-4A7D-95E5-001237A05297}"
EndProject
Global
	GlobalSection(SolutionConfigurationPlatforms) = preSolution
		Debug|Any CPU = Debug|Any CPU
		Release|Any CPU = Release|Any CPU
	EndGlobalSection
	GlobalSection(ProjectConfigurationPlatforms) = postSolution
		{84423B21-1AE5-484B-919D-D34C2AED579C}.Debug|Any CPU.ActiveCfg = Debug|Any CPU
		{84423B21-1AE5-484B-919D-D34C2AED579C}.Debug|Any CPU.Build.0 = Debug|Any CPU
		{84423B21-1AE5-484B-919D-D34C2AED579C}.Debug|Any CPU.Deploy.0 = Debug|Any CPU
		{84423B21-1AE5-484B-919D-D34C2AED579C}.Release|Any CPU.ActiveCfg = Release|Any CPU
		{84423B21-1AE5-484B-919D-D34C2AED579C}.Release|Any CPU.Build.0 = Release|Any CPU
		{84423B21-1AE5-484B-919D-D34C2AED579C}.Release|Any CPU.Deploy.0 = Release|Any CPU
		{AED7A322-0FA3-4A7D-95E5-001237A05297}.Debug|Any CPU.ActiveCfg = Debug|Any CPU
		{AED7A322-0FA3-4A7D-95E5-001237A05297}.Debug|Any CPU.Build.0 = Debug|Any CPU
		{AED7A322-0FA3-4A7D-95E5-001237A05297}.Release|Any CPU.ActiveCfg = Release|Any CPU
		{AED7A322-0FA3-4A7D-95E5-001237A05297}.Release|Any CPU.Build.0 = Release|Any CPU
	EndGlobalSection
	GlobalSection(SolutionProperties) = preSolution
		HideSolutionNode = FALSE
	EndGlobalSection
	GlobalSection(ExtensibilityGlobals) = postSolution
		SolutionGuid = {D9DB21E6-8AF8-4695-A9CE-3EF4926CA277}
	EndGlobalSection
EndGlobal
